
Microsoft Visual Studio Solution File, Format Version 12.00
# Visual Studio 15
VisualStudioVersion = 15.0.26430.15
MinimumVisualStudioVersion = 10.0.40219.1
Project("{FAE04EC0-301F-11D3-BF4B-00C04F79EFBC}") = "TicketingSystem", "TicketingSystem\TicketingSystem.csproj", "{E48A63C3-771A-4E63-BBD6-D3632C55B726}"
EndProject
Project("{FAE04EC0-301F-11D3-BF4B-00C04F79EFBC}") = "TicketingSystem.Tests", "TicketingSystem.Tests\TicketingSystem.Tests.csproj", "{D122FB5B-DD5C-4AD0-BBF2-4CD5CDC326BA}"
EndProject
Global
	GlobalSection(SolutionConfigurationPlatforms) = preSolution
		Debug|Any CPU = Debug|Any CPU
		Release|Any CPU = Release|Any CPU
	EndGlobalSection
	GlobalSection(ProjectConfigurationPlatforms) = postSolution
		{E48A63C3-771A-4E63-BBD6-D3632C55B726}.Debug|Any CPU.ActiveCfg = Debug|Any CPU
		{E48A63C3-771A-4E63-BBD6-D3632C55B726}.Debug|Any CPU.Build.0 = Debug|Any CPU
		{E48A63C3-771A-4E63-BBD6-D3632C55B726}.Release|Any CPU.ActiveCfg = Release|Any CPU
		{E48A63C3-771A-4E63-BBD6-D3632C55B726}.Release|Any CPU.Build.0 = Release|Any CPU
		{D122FB5B-DD5C-4AD0-BBF2-4CD5CDC326BA}.Debug|Any CPU.ActiveCfg = Debug|Any CPU
		{D122FB5B-DD5C-4AD0-BBF2-4CD5CDC326BA}.Debug|Any CPU.Build.0 = Debug|Any CPU
		{D122FB5B-DD5C-4AD0-BBF2-4CD5CDC326BA}.Release|Any CPU.ActiveCfg = Release|Any CPU
		{D122FB5B-DD5C-4AD0-BBF2-4CD5CDC326BA}.Release|Any CPU.Build.0 = Release|Any CPU
	EndGlobalSection
	GlobalSection(SolutionProperties) = preSolution
		HideSolutionNode = FALSE
	EndGlobalSection
EndGlobal
